<?xml version="1.0" encoding="UTF-8" standalone="yes" ?>
<CodeBlocks_project_file>
	<FileVersion major="1" minor="6" />
	<Project>
		<Option title="TickTackToe" />
		<Option pch_mode="2" />
		<Option compiler="gcc" />
		<Build>
			<Target title="Debug">
				<Option output="bin/Debug/TickTackToe" prefix_auto="1" extension_auto="1" />
				<Option object_output="obj/Debug/" />
				<Option type="1" />
				<Option compiler="gcc" />
				<Compiler>
					<Add option="-g" />
					<Add directory="include" />
					<Add directory="include/Widgets" />
				</Compiler>
			</Target>
			<Target title="Release">
				<Option output="bin/Release/TickTackToe" prefix_auto="1" extension_auto="1" />
				<Option object_output="obj/Release/" />
				<Option type="1" />
				<Option compiler="gcc" />
				<Compiler>
					<Add option="-fexpensive-optimizations" />
					<Add option="-O2" />
					<Add option="-g" />
					<Add directory="include" />
					<Add directory="include/Widgets" />
				</Compiler>
			</Target>
		</Build>
		<Compiler>
			<Add option="-Wall" />
			<Add option="-fexceptions" />
			<Add directory="include" />
		</Compiler>
		<Linker>
			<Add library="lib/libgraphics.a" />
			<Add library="lib/libgraphicsd.a" />
			<Add library="lib/libsdl_ttf.a" />
			<Add library="lib/libSDL.dll.a" />
			<Add library="lib/libSDLmain.a" />
			<Add directory="lib" />
		</Linker>
		<Unit filename="include/Area.h" />
		<Unit filename="include/GameHandler.h" />
		<Unit filename="include/Level.h" />
		<Unit filename="include/MinMax.h" />
		<Unit filename="include/Widgets/Button.h" />
		<Unit filename="include/Widgets/Colour.h" />
		<Unit filename="include/Widgets/GUIHandler.h" />
		<Unit filename="include/Widgets/Label.h" />
		<Unit filename="include/Widgets/NumberInput.h" />
		<Unit filename="include/Widgets/RadioButton.h" />
		<Unit filename="include/Widgets/RadioButtonHolder.h" />
		<Unit filename="include/Widgets/SelectionBox.h" />
		<Unit filename="include/Widgets/Widget.h" />
		<Unit filename="main.cpp" />
		<Unit filename="src/Area.cpp" />
		<Unit filename="src/GameHandler.cpp" />
		<Unit filename="src/Level.cpp" />
		<Unit filename="src/MinMax.cpp" />
		<Unit filename="src/Widgets/Button.cpp" />
		<Unit filename="src/Widgets/Colour.cpp" />
		<Unit filename="src/Widgets/GUIHandler.cpp" />
		<Unit filename="src/Widgets/Label.cpp" />
		<Unit filename="src/Widgets/NumberInput.cpp" />
		<Unit filename="src/Widgets/RadioButton.cpp" />
		<Unit filename="src/Widgets/RadioButtonHolder.cpp" />
		<Unit filename="src/Widgets/SelectionBox.cpp" />
		<Unit filename="src/Widgets/Widget.cpp" />
		<Extensions>
			<code_completion />
			<debugger />
			<envvars />
			<DoxyBlocks>
				<comment_style block="0" line="0" />
				<doxyfile_project />
				<doxyfile_build extract_private="1" />
				<doxyfile_warnings />
				<doxyfile_output latex="1" />
				<doxyfile_dot />
				<general />
			</DoxyBlocks>
		</Extensions>
	</Project>
</CodeBlocks_project_file>
